
Microsoft Visual Studio Solution File, Format Version 12.00
# Visual Studio Version 16
VisualStudioVersion = 16.0.30309.148
MinimumVisualStudioVersion = 10.0.40219.1
Project("{FAE04EC0-301F-11D3-BF4B-00C04F79EFBC}") = "Clinic Management", "Clinic Management.csproj", "{6C79216D-366A-4A0F-BD18-30F0D624301E}"
EndProject
Global
	GlobalSection(SolutionConfigurationPlatforms) = preSolution
		Debug|Any CPU = Debug|Any CPU
		Release|Any CPU = Release|Any CPU
	EndGlobalSection
	GlobalSection(ProjectConfigurationPlatforms) = postSolution
		{6C79216D-366A-4A0F-BD18-30F0D624301E}.Debug|Any CPU.ActiveCfg = Debug|Any CPU
		{6C79216D-366A-4A0F-BD18-30F0D624301E}.Debug|Any CPU.Build.0 = Debug|Any CPU
		{6C79216D-366A-4A0F-BD18-30F0D624301E}.Release|Any CPU.ActiveCfg = Release|Any CPU
		{6C79216D-366A-4A0F-BD18-30F0D624301E}.Release|Any CPU.Build.0 = Release|Any CPU
	EndGlobalSection
	GlobalSection(SolutionProperties) = preSolution
		HideSolutionNode = FALSE
	EndGlobalSection
	GlobalSection(ExtensibilityGlobals) = postSolution
		SolutionGuid = {99770F27-99C0-42BD-91F0-4261A47A9E62}
	EndGlobalSection
EndGlobal
